// !$*UTF8*$!
{
	archiveVersion = 1;
	classes = {
	};
	objectVersion = 56;
	objects = {

/* Begin PBXBuildFile section */
		3F4094A42C78F6B700C34295 /* GradientButtonStyle.swift in Sources */ = {isa = PBXBuildFile; fileRef = 3F4094A32C78F6B700C34295 /* GradientButtonStyle.swift */; };
		3F4094A62C7947E800C34295 /* CustomCircleView.swift in Sources */ = {isa = PBXBuildFile; fileRef = 3F4094A52C7947E800C34295 /* CustomCircleView.swift */; };
		3F4094A82C794C0F00C34295 /* MotionAnimationView.swift in Sources */ = {isa = PBXBuildFile; fileRef = 3F4094A72C794C0F00C34295 /* MotionAnimationView.swift */; };
		3F4094AB2C795ADB00C34295 /* SettingsView.swift in Sources */ = {isa = PBXBuildFile; fileRef = 3F4094AA2C795ADB00C34295 /* SettingsView.swift */; };
		3FB0F0792C78516E00E914A9 /* CustomButtonView.swift in Sources */ = {isa = PBXBuildFile; fileRef = 3FB0F0782C78516E00E914A9 /* CustomButtonView.swift */; };
		3FF20A362C764A9A0074BE4D /* HikeApp.swift in Sources */ = {isa = PBXBuildFile; fileRef = 3FF20A352C764A9A0074BE4D /* HikeApp.swift */; };
		3FF20A382C764A9A0074BE4D /* ContentView.swift in Sources */ = {isa = PBXBuildFile; fileRef = 3FF20A372C764A9A0074BE4D /* ContentView.swift */; };
		3FF20A3A2C764A9D0074BE4D /* Assets.xcassets in Resources */ = {isa = PBXBuildFile; fileRef = 3FF20A392C764A9D0074BE4D /* Assets.xcassets */; };
		3FF20A3D2C764A9D0074BE4D /* Preview Assets.xcassets in Resources */ = {isa = PBXBuildFile; fileRef = 3FF20A3C2C764A9D0074BE4D /* Preview Assets.xcassets */; };
		3FF20A442C7650C80074BE4D /* CardView.swift in Sources */ = {isa = PBXBuildFile; fileRef = 3FF20A432C7650C80074BE4D /* CardView.swift */; };
		3FF20A472C7656A70074BE4D /* CustomBackgroundView.swift in Sources */ = {isa = PBXBuildFile; fileRef = 3FF20A462C7656A70074BE4D /* CustomBackgroundView.swift */; };
		3FF20A4A2C765EC70074BE4D /* ColorExtension.swift in Sources */ = {isa = PBXBuildFile; fileRef = 3FF20A492C765EC70074BE4D /* ColorExtension.swift */; };
/* End PBXBuildFile section */

/* Begin PBXFileReference section */
		3F4094A32C78F6B700C34295 /* GradientButtonStyle.swift */ = {isa = PBXFileReference; lastKnownFileType = sourcecode.swift; path = GradientButtonStyle.swift; sourceTree = "<group>"; };
		3F4094A52C7947E800C34295 /* CustomCircleView.swift */ = {isa = PBXFileReference; lastKnownFileType = sourcecode.swift; path = CustomCircleView.swift; sourceTree = "<group>"; };
		3F4094A72C794C0F00C34295 /* MotionAnimationView.swift */ = {isa = PBXFileReference; lastKnownFileType = sourcecode.swift; path = MotionAnimationView.swift; sourceTree = "<group>"; };
		3F4094AA2C795ADB00C34295 /* SettingsView.swift */ = {isa = PBXFileReference; lastKnownFileType = sourcecode.swift; path = SettingsView.swift; sourceTree = "<group>"; };
		3FB0F0782C78516E00E914A9 /* CustomButtonView.swift */ = {isa = PBXFileReference; lastKnownFileType = sourcecode.swift; path = CustomButtonView.swift; sourceTree = "<group>"; };
		3FF20A322C764A9A0074BE4D /* Hike.app */ = {isa = PBXFileReference; explicitFileType = wrapper.application; includeInIndex = 0; path = Hike.app; sourceTree = BUILT_PRODUCTS_DIR; };
		3FF20A352C764A9A0074BE4D /* HikeApp.swift */ = {isa = PBXFileReference; lastKnownFileType = sourcecode.swift; path = HikeApp.swift; sourceTree = "<group>"; };
		3FF20A372C764A9A0074BE4D /* ContentView.swift */ = {isa = PBXFileReference; lastKnownFileType = sourcecode.swift; path = ContentView.swift; sourceTree = "<group>"; };
		3FF20A392C764A9D0074BE4D /* Assets.xcassets */ = {isa = PBXFileReference; lastKnownFileType = folder.assetcatalog; path = Assets.xcassets; sourceTree = "<group>"; };
		3FF20A3C2C764A9D0074BE4D /* Preview Assets.xcassets */ = {isa = PBXFileReference; lastKnownFileType = folder.assetcatalog; path = "Preview Assets.xcassets"; sourceTree = "<group>"; };
		3FF20A432C7650C80074BE4D /* CardView.swift */ = {isa = PBXFileReference; lastKnownFileType = sourcecode.swift; path = CardView.swift; sourceTree = "<group>"; };
		3FF20A462C7656A70074BE4D /* CustomBackgroundView.swift */ = {isa = PBXFileReference; lastKnownFileType = sourcecode.swift; path = CustomBackgroundView.swift; sourceTree = "<group>"; };
		3FF20A492C765EC70074BE4D /* ColorExtension.swift */ = {isa = PBXFileReference; lastKnownFileType = sourcecode.swift; path = ColorExtension.swift; sourceTree = "<group>"; };
/* End PBXFileReference section */

/* Begin PBXFrameworksBuildPhase section */
		3FF20A2F2C764A9A0074BE4D /* Frameworks */ = {
			isa = PBXFrameworksBuildPhase;
			buildActionMask = 2147483647;
			files = (
			);
			runOnlyForDeploymentPostprocessing = 0;
		};
/* End PBXFrameworksBuildPhase section */

/* Begin PBXGroup section */
		3F4094A92C795AC500C34295 /* Screen */ = {
			isa = PBXGroup;
			children = (
				3FF20A372C764A9A0074BE4D /* ContentView.swift */,
				3F4094AA2C795ADB00C34295 /* SettingsView.swift */,
			);
			path = Screen;
			sourceTree = "<group>";
		};
		3FF20A292C764A9A0074BE4D = {
			isa = PBXGroup;
			children = (
				3FF20A342C764A9A0074BE4D /* Hike */,
				3FF20A332C764A9A0074BE4D /* Products */,
			);
			sourceTree = "<group>";
		};
		3FF20A332C764A9A0074BE4D /* Products */ = {
			isa = PBXGroup;
			children = (
				3FF20A322C764A9A0074BE4D /* Hike.app */,
			);
			name = Products;
			sourceTree = "<group>";
		};
		3FF20A342C764A9A0074BE4D /* Hike */ = {
			isa = PBXGroup;
			children = (
				3FF20A482C765EAC0074BE4D /* Utility */,
				3FF20A352C764A9A0074BE4D /* HikeApp.swift */,
				3F4094A92C795AC500C34295 /* Screen */,
				3FF20A452C7652B20074BE4D /* Component */,
				3FF20A392C764A9D0074BE4D /* Assets.xcassets */,
				3FF20A3B2C764A9D0074BE4D /* Preview Content */,
			);
			path = Hike;
			sourceTree = "<group>";
		};
		3FF20A3B2C764A9D0074BE4D /* Preview Content */ = {
			isa = PBXGroup;
			children = (
				3FF20A3C2C764A9D0074BE4D /* Preview Assets.xcassets */,
			);
			path = "Preview Content";
			sourceTree = "<group>";
		};
		3FF20A452C7652B20074BE4D /* Component */ = {
			isa = PBXGroup;
			children = (
				3F4094A52C7947E800C34295 /* CustomCircleView.swift */,
				3FF20A432C7650C80074BE4D /* CardView.swift */,
				3FF20A462C7656A70074BE4D /* CustomBackgroundView.swift */,
				3FB0F0782C78516E00E914A9 /* CustomButtonView.swift */,
				3F4094A72C794C0F00C34295 /* MotionAnimationView.swift */,
			);
			path = Component;
			sourceTree = "<group>";
		};
		3FF20A482C765EAC0074BE4D /* Utility */ = {
			isa = PBXGroup;
			children = (
				3FF20A492C765EC70074BE4D /* ColorExtension.swift */,
				3F4094A32C78F6B700C34295 /* GradientButtonStyle.swift */,
			);
			path = Utility;
			sourceTree = "<group>";
		};
/* End PBXGroup section */

/* Begin PBXNativeTarget section */
		3FF20A312C764A9A0074BE4D /* Hike */ = {
			isa = PBXNativeTarget;
			buildConfigurationList = 3FF20A402C764A9D0074BE4D /* Build configuration list for PBXNativeTarget "Hike" */;
			buildPhases = (
				3FF20A2E2C764A9A0074BE4D /* Sources */,
				3FF20A2F2C764A9A0074BE4D /* Frameworks */,
				3FF20A302C764A9A0074BE4D /* Resources */,
			);
			buildRules = (
			);
			dependencies = (
			);
			name = Hike;
			productName = Hike;
			productReference = 3FF20A322C764A9A0074BE4D /* Hike.app */;
			productType = "com.apple.product-type.application";
		};
/* End PBXNativeTarget section */

/* Begin PBXProject section */
		3FF20A2A2C764A9A0074BE4D /* Project object */ = {
			isa = PBXProject;
			attributes = {
				BuildIndependentTargetsInParallel = 1;
				LastSwiftUpdateCheck = 1520;
				LastUpgradeCheck = 1520;
				TargetAttributes = {
					3FF20A312C764A9A0074BE4D = {
						CreatedOnToolsVersion = 15.2;
					};
				};
			};
			buildConfigurationList = 3FF20A2D2C764A9A0074BE4D /* Build configuration list for PBXProject "Hike" */;
			compatibilityVersion = "Xcode 14.0";
			developmentRegion = en;
			hasScannedForEncodings = 0;
			knownRegions = (
				en,
				Base,
			);
			mainGroup = 3FF20A292C764A9A0074BE4D;
			productRefGroup = 3FF20A332C764A9A0074BE4D /* Products */;
			projectDirPath = "";
			projectRoot = "";
			targets = (
				3FF20A312C764A9A0074BE4D /* Hike */,
			);
		};
/* End PBXProject section */

/* Begin PBXResourcesBuildPhase section */
		3FF20A302C764A9A0074BE4D /* Resources */ = {
			isa = PBXResourcesBuildPhase;
			buildActionMask = 2147483647;
			files = (
				3FF20A3D2C764A9D0074BE4D /* Preview Assets.xcassets in Resources */,
				3FF20A3A2C764A9D0074BE4D /* Assets.xcassets in Resources */,
			);
			runOnlyForDeploymentPostprocessing = 0;
		};
/* End PBXResourcesBuildPhase section */

/* Begin PBXSourcesBuildPhase section */
		3FF20A2E2C764A9A0074BE4D /* Sources */ = {
			isa = PBXSourcesBuildPhase;
			buildActionMask = 2147483647;
			files = (
				3FF20A382C764A9A0074BE4D /* ContentView.swift in Sources */,
				3F4094A62C7947E800C34295 /* CustomCircleView.swift in Sources */,
				3FF20A442C7650C80074BE4D /* CardView.swift in Sources */,
				3FF20A362C764A9A0074BE4D /* HikeApp.swift in Sources */,
				3FB0F0792C78516E00E914A9 /* CustomButtonView.swift in Sources */,
				3F4094AB2C795ADB00C34295 /* SettingsView.swift in Sources */,
				3F4094A42C78F6B700C34295 /* GradientButtonStyle.swift in Sources */,
				3F4094A82C794C0F00C34295 /* MotionAnimationView.swift in Sources */,
				3FF20A472C7656A70074BE4D /* CustomBackgroundView.swift in Sources */,
				3FF20A4A2C765EC70074BE4D /* ColorExtension.swift in Sources */,
			);
			runOnlyForDeploymentPostprocessing = 0;
		};
/* End PBXSourcesBuildPhase section */

/* Begin XCBuildConfiguration section */
		3FF20A3E2C764A9D0074BE4D /* Debug */ = {
			isa = XCBuildConfiguration;
			buildSettings = {
				ALWAYS_SEARCH_USER_PATHS = NO;
				ASSETCATALOG_COMPILER_GENERATE_SWIFT_ASSET_SYMBOL_EXTENSIONS = YES;
				CLANG_ANALYZER_NONNULL = YES;
				CLANG_ANALYZER_NUMBER_OBJECT_CONVERSION = YES_AGGRESSIVE;
				CLANG_CXX_LANGUAGE_STANDARD = "gnu++20";
				CLANG_ENABLE_MODULES = YES;
				CLANG_ENABLE_OBJC_ARC = YES;
				CLANG_ENABLE_OBJC_WEAK = YES;
				CLANG_WARN_BLOCK_CAPTURE_AUTORELEASING = YES;
				CLANG_WARN_BOOL_CONVERSION = YES;
				CLANG_WARN_COMMA = YES;
				CLANG_WARN_CONSTANT_CONVERSION = YES;
				CLANG_WARN_DEPRECATED_OBJC_IMPLEMENTATIONS = YES;
				CLANG_WARN_DIRECT_OBJC_ISA_USAGE = YES_ERROR;
				CLANG_WARN_DOCUMENTATION_COMMENTS = YES;
				CLANG_WARN_EMPTY_BODY = YES;
				CLANG_WARN_ENUM_CONVERSION = YES;
				CLANG_WARN_INFINITE_RECURSION = YES;
				CLANG_WARN_INT_CONVERSION = YES;
				CLANG_WARN_NON_LITERAL_NULL_CONVERSION = YES;
				CLANG_WARN_OBJC_IMPLICIT_RETAIN_SELF = YES;
				CLANG_WARN_OBJC_LITERAL_CONVERSION = YES;
				CLANG_WARN_OBJC_ROOT_CLASS = YES_ERROR;
				CLANG_WARN_QUOTED_INCLUDE_IN_FRAMEWORK_HEADER = YES;
				CLANG_WARN_RANGE_LOOP_ANALYSIS = YES;
				CLANG_WARN_STRICT_PROTOTYPES = YES;
				CLANG_WARN_SUSPICIOUS_MOVE = YES;
				CLANG_WARN_UNGUARDED_AVAILABILITY = YES_AGGRESSIVE;
				CLANG_WARN_UNREACHABLE_CODE = YES;
				CLANG_WARN__DUPLICATE_METHOD_MATCH = YES;
				COPY_PHASE_STRIP = NO;
				DEBUG_INFORMATION_FORMAT = dwarf;
				ENABLE_STRICT_OBJC_MSGSEND = YES;
				ENABLE_TESTABILITY = YES;
				ENABLE_USER_SCRIPT_SANDBOXING = YES;
				GCC_C_LANGUAGE_STANDARD = gnu17;
				GCC_DYNAMIC_NO_PIC = NO;
				GCC_NO_COMMON_BLOCKS = YES;
				GCC_OPTIMIZATION_LEVEL = 0;
				GCC_PREPROCESSOR_DEFINITIONS = (
					"DEBUG=1",
					"$(inherited)",
				);
				GCC_WARN_64_TO_32_BIT_CONVERSION = YES;
				GCC_WARN_ABOUT_RETURN_TYPE = YES_ERROR;
				GCC_WARN_UNDECLARED_SELECTOR = YES;
				GCC_WARN_UNINITIALIZED_AUTOS = YES_AGGRESSIVE;
				GCC_WARN_UNUSED_FUNCTION = YES;
				GCC_WARN_UNUSED_VARIABLE = YES;
				IPHONEOS_DEPLOYMENT_TARGET = 17.2;
				LOCALIZATION_PREFERS_STRING_CATALOGS = YES;
				MTL_ENABLE_DEBUG_INFO = INCLUDE_SOURCE;
				MTL_FAST_MATH = YES;
				ONLY_ACTIVE_ARCH = YES;
				SDKROOT = iphoneos;
				SWIFT_ACTIVE_COMPILATION_CONDITIONS = "DEBUG $(inherited)";
				SWIFT_OPTIMIZATION_LEVEL = "-Onone";
			};
			name = Debug;
		};
		3FF20A3F2C764A9D0074BE4D /* Release */ = {
			isa = XCBuildConfiguration;
			buildSettings = {
				ALWAYS_SEARCH_USER_PATHS = NO;
				ASSETCATALOG_COMPILER_GENERATE_SWIFT_ASSET_SYMBOL_EXTENSIONS = YES;
				CLANG_ANALYZER_NONNULL = YES;
				CLANG_ANALYZER_NUMBER_OBJECT_CONVERSION = YES_AGGRESSIVE;
				CLANG_CXX_LANGUAGE_STANDARD = "gnu++20";
				CLANG_ENABLE_MODULES = YES;
				CLANG_ENABLE_OBJC_ARC = YES;
				CLANG_ENABLE_OBJC_WEAK = YES;
				CLANG_WARN_BLOCK_CAPTURE_AUTORELEASING = YES;
				CLANG_WARN_BOOL_CONVERSION = YES;
				CLANG_WARN_COMMA = YES;
				CLANG_WARN_CONSTANT_CONVERSION = YES;
				CLANG_WARN_DEPRECATED_OBJC_IMPLEMENTATIONS = YES;
				CLANG_WARN_DIRECT_OBJC_ISA_USAGE = YES_ERROR;
				CLANG_WARN_DOCUMENTATION_COMMENTS = YES;
				CLANG_WARN_EMPTY_BODY = YES;
				CLANG_WARN_ENUM_CONVERSION = YES;
				CLANG_WARN_INFINITE_RECURSION = YES;
				CLANG_WARN_INT_CONVERSION = YES;
				CLANG_WARN_NON_LITERAL_NULL_CONVERSION = YES;
				CLANG_WARN_OBJC_IMPLICIT_RETAIN_SELF = YES;
				CLANG_WARN_OBJC_LITERAL_CONVERSION = YES;
				CLANG_WARN_OBJC_ROOT_CLASS = YES_ERROR;
				CLANG_WARN_QUOTED_INCLUDE_IN_FRAMEWORK_HEADER = YES;
				CLANG_WARN_RANGE_LOOP_ANALYSIS = YES;
				CLANG_WARN_STRICT_PROTOTYPES = YES;
				CLANG_WARN_SUSPICIOUS_MOVE = YES;
				CLANG_WARN_UNGUARDED_AVAILABILITY = YES_AGGRESSIVE;
				CLANG_WARN_UNREACHABLE_CODE = YES;
				CLANG_WARN__DUPLICATE_METHOD_MATCH = YES;
				COPY_PHASE_STRIP = NO;
				DEBUG_INFORMATION_FORMAT = "dwarf-with-dsym";
				ENABLE_NS_ASSERTIONS = NO;
				ENABLE_STRICT_OBJC_MSGSEND = YES;
				ENABLE_USER_SCRIPT_SANDBOXING = YES;
				GCC_C_LANGUAGE_STANDARD = gnu17;
				GCC_NO_COMMON_BLOCKS = YES;
				GCC_WARN_64_TO_32_BIT_CONVERSION = YES;
				GCC_WARN_ABOUT_RETURN_TYPE = YES_ERROR;
				GCC_WARN_UNDECLARED_SELECTOR = YES;
				GCC_WARN_UNINITIALIZED_AUTOS = YES_AGGRESSIVE;
				GCC_WARN_UNUSED_FUNCTION = YES;
				GCC_WARN_UNUSED_VARIABLE = YES;
				IPHONEOS_DEPLOYMENT_TARGET = 17.2;
				LOCALIZATION_PREFERS_STRING_CATALOGS = YES;
				MTL_ENABLE_DEBUG_INFO = NO;
				MTL_FAST_MATH = YES;
				SDKROOT = iphoneos;
				SWIFT_COMPILATION_MODE = wholemodule;
				VALIDATE_PRODUCT = YES;
			};
			name = Release;
		};
		3FF20A412C764A9D0074BE4D /* Debug */ = {
			isa = XCBuildConfiguration;
			buildSettings = {
				ASSETCATALOG_COMPILER_APPICON_NAME = AppIcon;
				ASSETCATALOG_COMPILER_GLOBAL_ACCENT_COLOR_NAME = AccentColor;
				CODE_SIGN_STYLE = Automatic;
				CURRENT_PROJECT_VERSION = 1;
				DEVELOPMENT_ASSET_PATHS = "\"Hike/Preview Content\"";
				DEVELOPMENT_TEAM = 6H2ZQFKHC2;
				ENABLE_PREVIEWS = YES;
				GENERATE_INFOPLIST_FILE = YES;
				INFOPLIST_KEY_UIApplicationSceneManifest_Generation = YES;
				INFOPLIST_KEY_UIApplicationSupportsIndirectInputEvents = YES;
				INFOPLIST_KEY_UILaunchScreen_Generation = YES;
				INFOPLIST_KEY_UISupportedInterfaceOrientations_iPad = "UIInterfaceOrientationPortrait UIInterfaceOrientationPortraitUpsideDown UIInterfaceOrientationLandscapeLeft UIInterfaceOrientationLandscapeRight";
				INFOPLIST_KEY_UISupportedInterfaceOrientations_iPhone = "UIInterfaceOrientationPortrait UIInterfaceOrientationLandscapeLeft UIInterfaceOrientationLandscapeRight";
				IPHONEOS_DEPLOYMENT_TARGET = 16.0;
				LD_RUNPATH_SEARCH_PATHS = (
					"$(inherited)",
					"@executable_path/Frameworks",
				);
				MARKETING_VERSION = 1.0;
				PRODUCT_BUNDLE_IDENTIFIER = davidviloria.Hike;
				PRODUCT_NAME = "$(TARGET_NAME)";
				SWIFT_EMIT_LOC_STRINGS = YES;
				SWIFT_VERSION = 5.0;
				TARGETED_DEVICE_FAMILY = "1,2";
			};
			name = Debug;
		};
		3FF20A422C764A9D0074BE4D /* Release */ = {
			isa = XCBuildConfiguration;
			buildSettings = {
				ASSETCATALOG_COMPILER_APPICON_NAME = AppIcon;
				ASSETCATALOG_COMPILER_GLOBAL_ACCENT_COLOR_NAME = AccentColor;
				CODE_SIGN_STYLE = Automatic;
				CURRENT_PROJECT_VERSION = 1;
				DEVELOPMENT_ASSET_PATHS = "\"Hike/Preview Content\"";
				DEVELOPMENT_TEAM = 6H2ZQFKHC2;
				ENABLE_PREVIEWS = YES;
				GENERATE_INFOPLIST_FILE = YES;
				INFOPLIST_KEY_UIApplicationSceneManifest_Generation = YES;
				INFOPLIST_KEY_UIApplicationSupportsIndirectInputEvents = YES;
				INFOPLIST_KEY_UILaunchScreen_Generation = YES;
				INFOPLIST_KEY_UISupportedInterfaceOrientations_iPad = "UIInterfaceOrientationPortrait UIInterfaceOrientationPortraitUpsideDown UIInterfaceOrientationLandscapeLeft UIInterfaceOrientationLandscapeRight";
				INFOPLIST_KEY_UISupportedInterfaceOrientations_iPhone = "UIInterfaceOrientationPortrait UIInterfaceOrientationLandscapeLeft UIInterfaceOrientationLandscapeRight";
				IPHONEOS_DEPLOYMENT_TARGET = 16.0;
				LD_RUNPATH_SEARCH_PATHS = (
					"$(inherited)",
					"@executable_path/Frameworks",
				);
				MARKETING_VERSION = 1.0;
				PRODUCT_BUNDLE_IDENTIFIER = davidviloria.Hike;
				PRODUCT_NAME = "$(TARGET_NAME)";
				SWIFT_EMIT_LOC_STRINGS = YES;
				SWIFT_VERSION = 5.0;
				TARGETED_DEVICE_FAMILY = "1,2";
			};
			name = Release;
		};
/* End XCBuildConfiguration section */

/* Begin XCConfigurationList section */
		3FF20A2D2C764A9A0074BE4D /* Build configuration list for PBXProject "Hike" */ = {
			isa = XCConfigurationList;
			buildConfigurations = (
				3FF20A3E2C764A9D0074BE4D /* Debug */,
				3FF20A3F2C764A9D0074BE4D /* Release */,
			);
			defaultConfigurationIsVisible = 0;
			defaultConfigurationName = Release;
		};
		3FF20A402C764A9D0074BE4D /* Build configuration list for PBXNativeTarget "Hike" */ = {
			isa = XCConfigurationList;
			buildConfigurations = (
				3FF20A412C764A9D0074BE4D /* Debug */,
				3FF20A422C764A9D0074BE4D /* Release */,
			);
			defaultConfigurationIsVisible = 0;
			defaultConfigurationName = Release;
		};
/* End XCConfigurationList section */
	};
	rootObject = 3FF20A2A2C764A9A0074BE4D /* Project object */;
}
